Microsoft Visual Studio Solution File, Format Version 12.00
# Visual Studio Version 17
VisualStudioVersion = 17.9.34616.47
MinimumVisualStudioVersion = 10.0.40219.1
Project("{FAE04EC0-301F-11D3-BF4B-00C04F79EFBC}") = "FFXIVPatchUI.Main", "FFXIVPatchUI\Main\Main.csproj", "{1712D7A0-B746-4CD3-8563-6E703F3B13DD}"
	ProjectSection(ProjectDependencies) = postProject
		{6C468C1B-9DE3-497A-B2D3-BFF0B8E5453A} = {6C468C1B-9DE3-497A-B2D3-BFF0B8E5453A}
	EndProjectSection
EndProject
Project("{FAE04EC0-301F-11D3-BF4B-00C04F79EFBC}") = "FFXIVPatchGenerator", "FFXIVPatchGenerator\FFXIVPatchGenerator.csproj", "{6C468C1B-9DE3-497A-B2D3-BFF0B8E5453A}"
EndProject
Global
	GlobalSection(SolutionConfigurationPlatforms) = preSolution
		Debug|Any CPU = Debug|Any CPU
		Release|Any CPU = Release|Any CPU
	EndGlobalSection
	GlobalSection(ProjectConfigurationPlatforms) = postSolution
		{1712D7A0-B746-4CD3-8563-6E703F3B13DD}.Debug|Any CPU.ActiveCfg = Debug|Any CPU
		{1712D7A0-B746-4CD3-8563-6E703F3B13DD}.Debug|Any CPU.Build.0 = Debug|Any CPU
		{1712D7A0-B746-4CD3-8563-6E703F3B13DD}.Release|Any CPU.ActiveCfg = Release|Any CPU
		{1712D7A0-B746-4CD3-8563-6E703F3B13DD}.Release|Any CPU.Build.0 = Release|Any CPU
		{6C468C1B-9DE3-497A-B2D3-BFF0B8E5453A}.Debug|Any CPU.ActiveCfg = Debug|Any CPU
		{6C468C1B-9DE3-497A-B2D3-BFF0B8E5453A}.Debug|Any CPU.Build.0 = Debug|Any CPU
		{6C468C1B-9DE3-497A-B2D3-BFF0B8E5453A}.Release|Any CPU.ActiveCfg = Release|Any CPU
		{6C468C1B-9DE3-497A-B2D3-BFF0B8E5453A}.Release|Any CPU.Build.0 = Release|Any CPU
	EndGlobalSection
	GlobalSection(SolutionProperties) = preSolution
		HideSolutionNode = FALSE
	EndGlobalSection
	GlobalSection(ExtensibilityGlobals) = postSolution
		SolutionGuid = {62F0EDCF-B6E4-4F3F-A49C-89A42F65D88B}
	EndGlobalSection
EndGlobal
